{
    "_readme": [
        "This file locks the dependencies of your project to a known state",
        "Read more about it at http://getcomposer.org/doc/01-basic-usage.md#composer-lock-the-lock-file",
        "This file is @generated automatically"
    ],
    "hash": "1f749efda4dec65d2f4b685ebe9edfc7",
    "packages": [
        {
            "name": "craftsmancoding/pagination",
            "version": "dev-master",
            "source": {
                "type": "git",
                "url": "https://github.com/craftsmancoding/pagination.git",
                "reference": "43f28d2fdb3a376bd6c0718d53ba039b5f4288e1"
            },
            "dist": {
                "type": "zip",
                "url": "https://api.github.com/repos/craftsmancoding/pagination/zipball/43f28d2fdb3a376bd6c0718d53ba039b5f4288e1",
                "reference": "43f28d2fdb3a376bd6c0718d53ba039b5f4288e1",
                "shasum": ""
            },
            "require": {
                "php": ">=5.3.0"
            },
            "type": "library",
            "autoload": {
                "psr-4": {
                    "Pagination\\": "src/"
                }
            },
            "authors": [
                {
                    "name": "Everett Griffiths",
                    "email": "everett@craftsmancoding.com"
                }
            ],
            "description": ".",
            "keywords": [
                "pagination"
            ],
            "support": {
                "source": "https://github.com/craftsmancoding/pagination/tree/master",
                "issues": "https://github.com/craftsmancoding/pagination/issues"
            },
            "time": "2014-05-08 16:45:57"
        }
    ],
    "packages-dev": [

    ],
    "aliases": [

    ],
    "minimum-stability": "stable",
    "stability-flags": {
        "craftsmancoding/pagination": 20
    },
    "prefer-stable": false,
    "platform": {
        "php": ">=5.3"
    },
    "platform-dev": [

    ]
}
